<Solution>
  <Folder Name="/Solution Items/">
    <File Path="docker-compose.yaml" />
  </Folder>
  <Project Path="PandemicShield.Contracts/PandemicShield.Contracts.csproj" />
  <Project Path="PandemicShield.Parser/PandemicShield.Parser.csproj" />
  <Project Path="PandemicShield.Worker/PandemicShield.Worker.csproj" />
</Solution>
